Microsoft Visual Studio Solution File, Format Version 12.00
# Visual Studio Version 17
VisualStudioVersion = 17.5.2.0
MinimumVisualStudioVersion = 10.0.40219.1
Project("{2150E333-8FDC-42A3-9474-1A3956D46DE8}") = "Lab1", "Lab1", "{ED13059D-E407-5174-3886-4FD5BEA505AB}"
EndProject
Project("{2150E333-8FDC-42A3-9474-1A3956D46DE8}") = "Lab3", "Lab3", "{87B7E9C9-4035-1DCE-E58D-63E422A029CF}"
EndProject
Project("{2150E333-8FDC-42A3-9474-1A3956D46DE8}") = "Lab4", "Lab4", "{A27D918D-BA35-9B07-9085-4B619D49ED1B}"
EndProject
Project("{FAE04EC0-301F-11D3-BF4B-00C04F79EFBC}") = "BenchmarkExample", "Lab1\BenchmarkExample\BenchmarkExample.csproj", "{DA3E1D5E-17A8-2AE6-A13D-81227A09B594}"
EndProject
Project("{2150E333-8FDC-42A3-9474-1A3956D46DE8}") = "PythagoreanBenchmarks", "PythagoreanBenchmarks", "{F3FBBB63-8749-8E89-B7E3-A2AB4835C89E}"
EndProject
Project("{FAE04EC0-301F-11D3-BF4B-00C04F79EFBC}") = "Przyklad1", "Lab1\PythagoreanBenchmarks\Przyklad1.csproj", "{28828F6E-0B49-1EB9-138C-877BFE8CED36}"
EndProject
Project("{FAE04EC0-301F-11D3-BF4B-00C04F79EFBC}") = "SortingBenchmarks", "Lab1\SortingBenchmarks\SortingBenchmarks.csproj", "{B1FE9774-97D0-BF83-7AD6-9AA1B9A7B4B5}"
EndProject
Project("{FAE04EC0-301F-11D3-BF4B-00C04F79EFBC}") = "Zad1", "Lab1\Zad1\Zad1.csproj", "{6656A261-0B63-6FF7-B740-6E6393FFAFA7}"
EndProject
Project("{FAE04EC0-301F-11D3-BF4B-00C04F79EFBC}") = "Zad1", "Lab3\Zad1\Zad1.csproj", "{02D24E62-E195-AADA-9995-EA0ACFB6AE77}"
EndProject
Project("{FAE04EC0-301F-11D3-BF4B-00C04F79EFBC}") = "Zad1_Rekurencja", "Lab4\Zad1_Rekurencja\Zad1_Rekurencja.csproj", "{1DE7CD8B-C288-F222-91AE-B0769AC8AE02}"
EndProject
Project("{FAE04EC0-301F-11D3-BF4B-00C04F79EFBC}") = "Zad2_Rekurencja", "Lab4\Zad2_Rekurencja\Zad2_Rekurencja.csproj", "{438A17CD-B07D-D712-4123-EDEF090B4ABB}"
EndProject
Global
	GlobalSection(SolutionConfigurationPlatforms) = preSolution
		Debug|Any CPU = Debug|Any CPU
		Release|Any CPU = Release|Any CPU
	EndGlobalSection
	GlobalSection(ProjectConfigurationPlatforms) = postSolution
		{DA3E1D5E-17A8-2AE6-A13D-81227A09B594}.Debug|Any CPU.ActiveCfg = Debug|Any CPU
		{DA3E1D5E-17A8-2AE6-A13D-81227A09B594}.Debug|Any CPU.Build.0 = Debug|Any CPU
		{DA3E1D5E-17A8-2AE6-A13D-81227A09B594}.Release|Any CPU.ActiveCfg = Release|Any CPU
		{DA3E1D5E-17A8-2AE6-A13D-81227A09B594}.Release|Any CPU.Build.0 = Release|Any CPU
		{28828F6E-0B49-1EB9-138C-877BFE8CED36}.Debug|Any CPU.ActiveCfg = Debug|Any CPU
		{28828F6E-0B49-1EB9-138C-877BFE8CED36}.Debug|Any CPU.Build.0 = Debug|Any CPU
		{28828F6E-0B49-1EB9-138C-877BFE8CED36}.Release|Any CPU.ActiveCfg = Release|Any CPU
		{28828F6E-0B49-1EB9-138C-877BFE8CED36}.Release|Any CPU.Build.0 = Release|Any CPU
		{B1FE9774-97D0-BF83-7AD6-9AA1B9A7B4B5}.Debug|Any CPU.ActiveCfg = Debug|Any CPU
		{B1FE9774-97D0-BF83-7AD6-9AA1B9A7B4B5}.Debug|Any CPU.Build.0 = Debug|Any CPU
		{B1FE9774-97D0-BF83-7AD6-9AA1B9A7B4B5}.Release|Any CPU.ActiveCfg = Release|Any CPU
		{B1FE9774-97D0-BF83-7AD6-9AA1B9A7B4B5}.Release|Any CPU.Build.0 = Release|Any CPU
		{6656A261-0B63-6FF7-B740-6E6393FFAFA7}.Debug|Any CPU.ActiveCfg = Debug|Any CPU
		{6656A261-0B63-6FF7-B740-6E6393FFAFA7}.Debug|Any CPU.Build.0 = Debug|Any CPU
		{6656A261-0B63-6FF7-B740-6E6393FFAFA7}.Release|Any CPU.ActiveCfg = Release|Any CPU
		{6656A261-0B63-6FF7-B740-6E6393FFAFA7}.Release|Any CPU.Build.0 = Release|Any CPU
		{02D24E62-E195-AADA-9995-EA0ACFB6AE77}.Debug|Any CPU.ActiveCfg = Debug|Any CPU
		{02D24E62-E195-AADA-9995-EA0ACFB6AE77}.Debug|Any CPU.Build.0 = Debug|Any CPU
		{02D24E62-E195-AADA-9995-EA0ACFB6AE77}.Release|Any CPU.ActiveCfg = Release|Any CPU
		{02D24E62-E195-AADA-9995-EA0ACFB6AE77}.Release|Any CPU.Build.0 = Release|Any CPU
		{1DE7CD8B-C288-F222-91AE-B0769AC8AE02}.Debug|Any CPU.ActiveCfg = Debug|Any CPU
		{1DE7CD8B-C288-F222-91AE-B0769AC8AE02}.Debug|Any CPU.Build.0 = Debug|Any CPU
		{1DE7CD8B-C288-F222-91AE-B0769AC8AE02}.Release|Any CPU.ActiveCfg = Release|Any CPU
		{1DE7CD8B-C288-F222-91AE-B0769AC8AE02}.Release|Any CPU.Build.0 = Release|Any CPU
		{438A17CD-B07D-D712-4123-EDEF090B4ABB}.Debug|Any CPU.ActiveCfg = Debug|Any CPU
		{438A17CD-B07D-D712-4123-EDEF090B4ABB}.Debug|Any CPU.Build.0 = Debug|Any CPU
		{438A17CD-B07D-D712-4123-EDEF090B4ABB}.Release|Any CPU.ActiveCfg = Release|Any CPU
		{438A17CD-B07D-D712-4123-EDEF090B4ABB}.Release|Any CPU.Build.0 = Release|Any CPU
	EndGlobalSection
	GlobalSection(SolutionProperties) = preSolution
		HideSolutionNode = FALSE
	EndGlobalSection
	GlobalSection(NestedProjects) = preSolution
		{DA3E1D5E-17A8-2AE6-A13D-81227A09B594} = {ED13059D-E407-5174-3886-4FD5BEA505AB}
		{F3FBBB63-8749-8E89-B7E3-A2AB4835C89E} = {ED13059D-E407-5174-3886-4FD5BEA505AB}
		{28828F6E-0B49-1EB9-138C-877BFE8CED36} = {F3FBBB63-8749-8E89-B7E3-A2AB4835C89E}
		{B1FE9774-97D0-BF83-7AD6-9AA1B9A7B4B5} = {ED13059D-E407-5174-3886-4FD5BEA505AB}
		{6656A261-0B63-6FF7-B740-6E6393FFAFA7} = {ED13059D-E407-5174-3886-4FD5BEA505AB}
		{02D24E62-E195-AADA-9995-EA0ACFB6AE77} = {87B7E9C9-4035-1DCE-E58D-63E422A029CF}
		{1DE7CD8B-C288-F222-91AE-B0769AC8AE02} = {A27D918D-BA35-9B07-9085-4B619D49ED1B}
		{438A17CD-B07D-D712-4123-EDEF090B4ABB} = {A27D918D-BA35-9B07-9085-4B619D49ED1B}
	EndGlobalSection
	GlobalSection(ExtensibilityGlobals) = postSolution
		SolutionGuid = {7FAA7A10-DA63-4F78-966F-A2A9A63109D8}
	EndGlobalSection
EndGlobal
